
Microsoft Visual Studio Solution File, Format Version 12.00
# Visual Studio 15
VisualStudioVersion = 15.0.25807.0
MinimumVisualStudioVersion = 10.0.40219.1
Project("{2150E333-8FDC-42A3-9474-1A3956D46DE8}") = "Engine", "Engine", "{3B9A8162-6232-4AE8-936D-3D30E00B53CD}"
EndProject
Project("{2150E333-8FDC-42A3-9474-1A3956D46DE8}") = "Games", "Games", "{3CC488BF-FFC0-4BEB-B580-18BEAFF21A36}"
EndProject
Project("{8BC9CEB8-8B4A-11D0-8D11-00A0C91BC942}") = "UE4", "Intermediate\ProjectFiles\UE4.vcxproj", "{8962C52B-11DB-42F4-9630-175AAC44A4E5}"
EndProject
Project("{8BC9CEB8-8B4A-11D0-8D11-00A0C91BC942}") = "LifePlay", "Intermediate\ProjectFiles\LifePlay.vcxproj", "{CDB20097-5BE4-4AE0-9917-9E106866611A}"
EndProject
Global
	GlobalSection(SolutionConfigurationPlatforms) = preSolution
		DebugGame Editor|HTML5 = DebugGame Editor|HTML5
		DebugGame Editor|Linux = DebugGame Editor|Linux
		DebugGame Editor|Win32 = DebugGame Editor|Win32
		DebugGame Editor|Win64 = DebugGame Editor|Win64
		DebugGame|HTML5 = DebugGame|HTML5
		DebugGame|Linux = DebugGame|Linux
		DebugGame|Win32 = DebugGame|Win32
		DebugGame|Win64 = DebugGame|Win64
		Development Editor|HTML5 = Development Editor|HTML5
		Development Editor|Linux = Development Editor|Linux
		Development Editor|Win32 = Development Editor|Win32
		Development Editor|Win64 = Development Editor|Win64
		Development|HTML5 = Development|HTML5
		Development|Linux = Development|Linux
		Development|Win32 = Development|Win32
		Development|Win64 = Development|Win64
		Shipping|HTML5 = Shipping|HTML5
		Shipping|Linux = Shipping|Linux
		Shipping|Win32 = Shipping|Win32
		Shipping|Win64 = Shipping|Win64
	EndGlobalSection
	GlobalSection(ProjectConfigurationPlatforms) = postSolution
		{8962C52B-11DB-42F4-9630-175AAC44A4E5}.DebugGame Editor|HTML5.ActiveCfg = BuiltWithUnrealBuildTool|Win32
		{8962C52B-11DB-42F4-9630-175AAC44A4E5}.DebugGame Editor|HTML5.Build.0 = BuiltWithUnrealBuildTool|Win32
		{8962C52B-11DB-42F4-9630-175AAC44A4E5}.DebugGame Editor|Linux.ActiveCfg = BuiltWithUnrealBuildTool|Win32
		{8962C52B-11DB-42F4-9630-175AAC44A4E5}.DebugGame Editor|Linux.Build.0 = BuiltWithUnrealBuildTool|Win32
		{8962C52B-11DB-42F4-9630-175AAC44A4E5}.DebugGame Editor|Win32.ActiveCfg = BuiltWithUnrealBuildTool|Win32
		{8962C52B-11DB-42F4-9630-175AAC44A4E5}.DebugGame Editor|Win32.Build.0 = BuiltWithUnrealBuildTool|Win32
		{8962C52B-11DB-42F4-9630-175AAC44A4E5}.DebugGame Editor|Win64.ActiveCfg = BuiltWithUnrealBuildTool|Win32
		{8962C52B-11DB-42F4-9630-175AAC44A4E5}.DebugGame Editor|Win64.Build.0 = BuiltWithUnrealBuildTool|Win32
		{8962C52B-11DB-42F4-9630-175AAC44A4E5}.DebugGame|HTML5.ActiveCfg = BuiltWithUnrealBuildTool|Win32
		{8962C52B-11DB-42F4-9630-175AAC44A4E5}.DebugGame|HTML5.Build.0 = BuiltWithUnrealBuildTool|Win32
		{8962C52B-11DB-42F4-9630-175AAC44A4E5}.DebugGame|Linux.ActiveCfg = BuiltWithUnrealBuildTool|Win32
		{8962C52B-11DB-42F4-9630-175AAC44A4E5}.DebugGame|Linux.Build.0 = BuiltWithUnrealBuildTool|Win32
		{8962C52B-11DB-42F4-9630-175AAC44A4E5}.DebugGame|Win32.ActiveCfg = BuiltWithUnrealBuildTool|Win32
		{8962C52B-11DB-42F4-9630-175AAC44A4E5}.DebugGame|Win32.Build.0 = BuiltWithUnrealBuildTool|Win32
		{8962C52B-11DB-42F4-9630-175AAC44A4E5}.DebugGame|Win64.ActiveCfg = BuiltWithUnrealBuildTool|Win32
		{8962C52B-11DB-42F4-9630-175AAC44A4E5}.DebugGame|Win64.Build.0 = BuiltWithUnrealBuildTool|Win32
		{8962C52B-11DB-42F4-9630-175AAC44A4E5}.Development Editor|HTML5.ActiveCfg = BuiltWithUnrealBuildTool|Win32
		{8962C52B-11DB-42F4-9630-175AAC44A4E5}.Development Editor|HTML5.Build.0 = BuiltWithUnrealBuildTool|Win32
		{8962C52B-11DB-42F4-9630-175AAC44A4E5}.Development Editor|Linux.ActiveCfg = BuiltWithUnrealBuildTool|Win32
		{8962C52B-11DB-42F4-9630-175AAC44A4E5}.Development Editor|Linux.Build.0 = BuiltWithUnrealBuildTool|Win32
		{8962C52B-11DB-42F4-9630-175AAC44A4E5}.Development Editor|Win32.ActiveCfg = BuiltWithUnrealBuildTool|Win32
		{8962C52B-11DB-42F4-9630-175AAC44A4E5}.Development Editor|Win32.Build.0 = BuiltWithUnrealBuildTool|Win32
		{8962C52B-11DB-42F4-9630-175AAC44A4E5}.Development Editor|Win64.ActiveCfg = BuiltWithUnrealBuildTool|Win32
		{8962C52B-11DB-42F4-9630-175AAC44A4E5}.Development Editor|Win64.Build.0 = BuiltWithUnrealBuildTool|Win32
		{8962C52B-11DB-42F4-9630-175AAC44A4E5}.Development|HTML5.ActiveCfg = BuiltWithUnrealBuildTool|Win32
		{8962C52B-11DB-42F4-9630-175AAC44A4E5}.Development|HTML5.Build.0 = BuiltWithUnrealBuildTool|Win32
		{8962C52B-11DB-42F4-9630-175AAC44A4E5}.Development|Linux.ActiveCfg = BuiltWithUnrealBuildTool|Win32
		{8962C52B-11DB-42F4-9630-175AAC44A4E5}.Development|Linux.Build.0 = BuiltWithUnrealBuildTool|Win32
		{8962C52B-11DB-42F4-9630-175AAC44A4E5}.Development|Win32.ActiveCfg = BuiltWithUnrealBuildTool|Win32
		{8962C52B-11DB-42F4-9630-175AAC44A4E5}.Development|Win32.Build.0 = BuiltWithUnrealBuildTool|Win32
		{8962C52B-11DB-42F4-9630-175AAC44A4E5}.Development|Win64.ActiveCfg = BuiltWithUnrealBuildTool|Win32
		{8962C52B-11DB-42F4-9630-175AAC44A4E5}.Development|Win64.Build.0 = BuiltWithUnrealBuildTool|Win32
		{8962C52B-11DB-42F4-9630-175AAC44A4E5}.Shipping|HTML5.ActiveCfg = BuiltWithUnrealBuildTool|Win32
		{8962C52B-11DB-42F4-9630-175AAC44A4E5}.Shipping|HTML5.Build.0 = BuiltWithUnrealBuildTool|Win32
		{8962C52B-11DB-42F4-9630-175AAC44A4E5}.Shipping|Linux.ActiveCfg = BuiltWithUnrealBuildTool|Win32
		{8962C52B-11DB-42F4-9630-175AAC44A4E5}.Shipping|Linux.Build.0 = BuiltWithUnrealBuildTool|Win32
		{8962C52B-11DB-42F4-9630-175AAC44A4E5}.Shipping|Win32.ActiveCfg = BuiltWithUnrealBuildTool|Win32
		{8962C52B-11DB-42F4-9630-175AAC44A4E5}.Shipping|Win32.Build.0 = BuiltWithUnrealBuildTool|Win32
		{8962C52B-11DB-42F4-9630-175AAC44A4E5}.Shipping|Win64.ActiveCfg = BuiltWithUnrealBuildTool|Win32
		{8962C52B-11DB-42F4-9630-175AAC44A4E5}.Shipping|Win64.Build.0 = BuiltWithUnrealBuildTool|Win32
		{CDB20097-5BE4-4AE0-9917-9E106866611A}.DebugGame Editor|HTML5.ActiveCfg = HTML5_DebugGame_Editor|Win32
		{CDB20097-5BE4-4AE0-9917-9E106866611A}.DebugGame Editor|Linux.ActiveCfg = Linux_DebugGame_Editor|Win32
		{CDB20097-5BE4-4AE0-9917-9E106866611A}.DebugGame Editor|Linux.Build.0 = Linux_DebugGame_Editor|Win32
		{CDB20097-5BE4-4AE0-9917-9E106866611A}.DebugGame Editor|Win32.ActiveCfg = DebugGame_Editor|Win32
		{CDB20097-5BE4-4AE0-9917-9E106866611A}.DebugGame Editor|Win64.ActiveCfg = DebugGame_Editor|x64
		{CDB20097-5BE4-4AE0-9917-9E106866611A}.DebugGame Editor|Win64.Build.0 = DebugGame_Editor|x64
		{CDB20097-5BE4-4AE0-9917-9E106866611A}.DebugGame|HTML5.ActiveCfg = HTML5_DebugGame_Game|Win32
		{CDB20097-5BE4-4AE0-9917-9E106866611A}.DebugGame|HTML5.Build.0 = HTML5_DebugGame_Game|Win32
		{CDB20097-5BE4-4AE0-9917-9E106866611A}.DebugGame|Linux.ActiveCfg = Linux_DebugGame_Game|Win32
		{CDB20097-5BE4-4AE0-9917-9E106866611A}.DebugGame|Linux.Build.0 = Linux_DebugGame_Game|Win32
		{CDB20097-5BE4-4AE0-9917-9E106866611A}.DebugGame|Win32.ActiveCfg = DebugGame_Game|Win32
		{CDB20097-5BE4-4AE0-9917-9E106866611A}.DebugGame|Win32.Build.0 = DebugGame_Game|Win32
		{CDB20097-5BE4-4AE0-9917-9E106866611A}.DebugGame|Win64.ActiveCfg = DebugGame_Game|x64
		{CDB20097-5BE4-4AE0-9917-9E106866611A}.DebugGame|Win64.Build.0 = DebugGame_Game|x64
		{CDB20097-5BE4-4AE0-9917-9E106866611A}.Development Editor|HTML5.ActiveCfg = HTML5_Development_Editor|Win32
		{CDB20097-5BE4-4AE0-9917-9E106866611A}.Development Editor|Linux.ActiveCfg = Linux_Development_Editor|Win32
		{CDB20097-5BE4-4AE0-9917-9E106866611A}.Development Editor|Linux.Build.0 = Linux_Development_Editor|Win32
		{CDB20097-5BE4-4AE0-9917-9E106866611A}.Development Editor|Win32.ActiveCfg = Development_Editor|Win32
		{CDB20097-5BE4-4AE0-9917-9E106866611A}.Development Editor|Win64.ActiveCfg = Development_Editor|x64
		{CDB20097-5BE4-4AE0-9917-9E106866611A}.Development Editor|Win64.Build.0 = Development_Editor|x64
		{CDB20097-5BE4-4AE0-9917-9E106866611A}.Development|HTML5.ActiveCfg = HTML5_Development_Game|Win32
		{CDB20097-5BE4-4AE0-9917-9E106866611A}.Development|HTML5.Build.0 = HTML5_Development_Game|Win32
		{CDB20097-5BE4-4AE0-9917-9E106866611A}.Development|Linux.ActiveCfg = Linux_Development_Game|Win32
		{CDB20097-5BE4-4AE0-9917-9E106866611A}.Development|Linux.Build.0 = Linux_Development_Game|Win32
		{CDB20097-5BE4-4AE0-9917-9E106866611A}.Development|Win32.ActiveCfg = Development_Game|Win32
		{CDB20097-5BE4-4AE0-9917-9E106866611A}.Development|Win32.Build.0 = Development_Game|Win32
		{CDB20097-5BE4-4AE0-9917-9E106866611A}.Development|Win64.ActiveCfg = Development_Game|x64
		{CDB20097-5BE4-4AE0-9917-9E106866611A}.Development|Win64.Build.0 = Development_Game|x64
		{CDB20097-5BE4-4AE0-9917-9E106866611A}.Shipping|HTML5.ActiveCfg = HTML5_Shipping_Game|Win32
		{CDB20097-5BE4-4AE0-9917-9E106866611A}.Shipping|HTML5.Build.0 = HTML5_Shipping_Game|Win32
		{CDB20097-5BE4-4AE0-9917-9E106866611A}.Shipping|Linux.ActiveCfg = Linux_Shipping_Game|Win32
		{CDB20097-5BE4-4AE0-9917-9E106866611A}.Shipping|Linux.Build.0 = Linux_Shipping_Game|Win32
		{CDB20097-5BE4-4AE0-9917-9E106866611A}.Shipping|Win32.ActiveCfg = Shipping_Game|Win32
		{CDB20097-5BE4-4AE0-9917-9E106866611A}.Shipping|Win32.Build.0 = Shipping_Game|Win32
		{CDB20097-5BE4-4AE0-9917-9E106866611A}.Shipping|Win64.ActiveCfg = Shipping_Game|x64
		{CDB20097-5BE4-4AE0-9917-9E106866611A}.Shipping|Win64.Build.0 = Shipping_Game|x64
	EndGlobalSection
	GlobalSection(SolutionProperties) = preSolution
		HideSolutionNode = FALSE
	EndGlobalSection
	GlobalSection(NestedProjects) = preSolution
		{8962C52B-11DB-42F4-9630-175AAC44A4E5} = {3B9A8162-6232-4AE8-936D-3D30E00B53CD}
		{CDB20097-5BE4-4AE0-9917-9E106866611A} = {3CC488BF-FFC0-4BEB-B580-18BEAFF21A36}
	EndGlobalSection
	GlobalSection(ExtensibilityGlobals) = postSolution
		SolutionGuid = {CF176613-D418-4296-84FA-7A73B43DC6C9}
	EndGlobalSection
EndGlobal
